
Microsoft Visual Studio Solution File, Format Version 12.00
# Visual Studio Version 17
VisualStudioVersion = 17.9.34728.123
MinimumVisualStudioVersion = 10.0.40219.1
Project("{FAE04EC0-301F-11D3-BF4B-00C04F79EFBC}") = "DZ3", "DZ3.csproj", "{EBD47134-0D12-44A7-ADE2-23B09231748C}"
EndProject
Global
	GlobalSection(SolutionConfigurationPlatforms) = preSolution
		Debug|Any CPU = Debug|Any CPU
		Release|Any CPU = Release|Any CPU
	EndGlobalSection
	GlobalSection(ProjectConfigurationPlatforms) = postSolution
		{EBD47134-0D12-44A7-ADE2-23B09231748C}.Debug|Any CPU.ActiveCfg = Debug|Any CPU
		{EBD47134-0D12-44A7-ADE2-23B09231748C}.Debug|Any CPU.Build.0 = Debug|Any CPU
		{EBD47134-0D12-44A7-ADE2-23B09231748C}.Release|Any CPU.ActiveCfg = Release|Any CPU
		{EBD47134-0D12-44A7-ADE2-23B09231748C}.Release|Any CPU.Build.0 = Release|Any CPU
	EndGlobalSection
	GlobalSection(SolutionProperties) = preSolution
		HideSolutionNode = FALSE
	EndGlobalSection
	GlobalSection(ExtensibilityGlobals) = postSolution
		SolutionGuid = {3BF56A17-824D-46BA-B697-8B5EFB2C0A6C}
	EndGlobalSection
EndGlobal
